// !$*UTF8*$!
{
	archiveVersion = 1;
	classes = {
	};
	objectVersion = 50;
	objects = {

/* Begin PBXBuildFile section */
		347E9A16251879EA006F6948 /* Course.swift in Sources */ = {isa = PBXBuildFile; fileRef = 347E9A15251879EA006F6948 /* Course.swift */; };
		349600C925148192003A1367 /* CourseItem.swift in Sources */ = {isa = PBXBuildFile; fileRef = 349600C825148192003A1367 /* CourseItem.swift */; };
		349600D02514845D003A1367 /* CourseList.swift in Sources */ = {isa = PBXBuildFile; fileRef = 349600CF2514845D003A1367 /* CourseList.swift */; };
		34BC64BA25144BBF003DD298 /* DesignCodeCourseApp.swift in Sources */ = {isa = PBXBuildFile; fileRef = 34BC64B925144BBF003DD298 /* DesignCodeCourseApp.swift */; };
		34BC64BC25144BBF003DD298 /* ContentView.swift in Sources */ = {isa = PBXBuildFile; fileRef = 34BC64BB25144BBF003DD298 /* ContentView.swift */; };
		34BC64BE25144BC0003DD298 /* Assets.xcassets in Resources */ = {isa = PBXBuildFile; fileRef = 34BC64BD25144BC0003DD298 /* Assets.xcassets */; };
		34BC64C125144BC0003DD298 /* Preview Assets.xcassets in Resources */ = {isa = PBXBuildFile; fileRef = 34BC64C025144BC0003DD298 /* Preview Assets.xcassets */; };
		34BC64CA25145757003DD298 /* CourseRow.swift in Sources */ = {isa = PBXBuildFile; fileRef = 34BC64C925145757003DD298 /* CourseRow.swift */; };
		34BC64CD25145981003DD298 /* CourseView.swift in Sources */ = {isa = PBXBuildFile; fileRef = 34BC64CC25145981003DD298 /* CourseView.swift */; };
		34BC64D025145AF4003DD298 /* Sidebar.swift in Sources */ = {isa = PBXBuildFile; fileRef = 34BC64CF25145AF4003DD298 /* Sidebar.swift */; };
		34CCE3302519A0AA000CF97D /* CloseButton.swift in Sources */ = {isa = PBXBuildFile; fileRef = 34CCE32F2519A0AA000CF97D /* CloseButton.swift */; };
/* End PBXBuildFile section */

/* Begin PBXFileReference section */
		347E9A15251879EA006F6948 /* Course.swift */ = {isa = PBXFileReference; lastKnownFileType = sourcecode.swift; path = Course.swift; sourceTree = "<group>"; };
		349600C825148192003A1367 /* CourseItem.swift */ = {isa = PBXFileReference; lastKnownFileType = sourcecode.swift; path = CourseItem.swift; sourceTree = "<group>"; };
		349600CF2514845D003A1367 /* CourseList.swift */ = {isa = PBXFileReference; lastKnownFileType = sourcecode.swift; path = CourseList.swift; sourceTree = "<group>"; };
		34BC64B625144BBF003DD298 /* DesignCodeCourse.app */ = {isa = PBXFileReference; explicitFileType = wrapper.application; includeInIndex = 0; path = DesignCodeCourse.app; sourceTree = BUILT_PRODUCTS_DIR; };
		34BC64B925144BBF003DD298 /* DesignCodeCourseApp.swift */ = {isa = PBXFileReference; lastKnownFileType = sourcecode.swift; path = DesignCodeCourseApp.swift; sourceTree = "<group>"; };
		34BC64BB25144BBF003DD298 /* ContentView.swift */ = {isa = PBXFileReference; lastKnownFileType = sourcecode.swift; path = ContentView.swift; sourceTree = "<group>"; };
		34BC64BD25144BC0003DD298 /* Assets.xcassets */ = {isa = PBXFileReference; lastKnownFileType = folder.assetcatalog; path = Assets.xcassets; sourceTree = "<group>"; };
		34BC64C025144BC0003DD298 /* Preview Assets.xcassets */ = {isa = PBXFileReference; lastKnownFileType = folder.assetcatalog; path = "Preview Assets.xcassets"; sourceTree = "<group>"; };
		34BC64C225144BC0003DD298 /* Info.plist */ = {isa = PBXFileReference; lastKnownFileType = text.plist.xml; path = Info.plist; sourceTree = "<group>"; };
		34BC64C925145757003DD298 /* CourseRow.swift */ = {isa = PBXFileReference; lastKnownFileType = sourcecode.swift; path = CourseRow.swift; sourceTree = "<group>"; };
		34BC64CC25145981003DD298 /* CourseView.swift */ = {isa = PBXFileReference; lastKnownFileType = sourcecode.swift; path = CourseView.swift; sourceTree = "<group>"; };
		34BC64CF25145AF4003DD298 /* Sidebar.swift */ = {isa = PBXFileReference; lastKnownFileType = sourcecode.swift; path = Sidebar.swift; sourceTree = "<group>"; };
		34CCE32F2519A0AA000CF97D /* CloseButton.swift */ = {isa = PBXFileReference; lastKnownFileType = sourcecode.swift; path = CloseButton.swift; sourceTree = "<group>"; };
/* End PBXFileReference section */

/* Begin PBXFrameworksBuildPhase section */
		34BC64B325144BBF003DD298 /* Frameworks */ = {
			isa = PBXFrameworksBuildPhase;
			buildActionMask = 2147483647;
			files = (
			);
			runOnlyForDeploymentPostprocessing = 0;
		};
/* End PBXFrameworksBuildPhase section */

/* Begin PBXGroup section */
		346DA744251884E1002BCD18 /* Model */ = {
			isa = PBXGroup;
			children = (
				347E9A15251879EA006F6948 /* Course.swift */,
			);
			path = Model;
			sourceTree = "<group>";
		};
		349600CB251482D0003A1367 /* Navigation */ = {
			isa = PBXGroup;
			children = (
				34BC64CF25145AF4003DD298 /* Sidebar.swift */,
				34BC64BB25144BBF003DD298 /* ContentView.swift */,
			);
			path = Navigation;
			sourceTree = "<group>";
		};
		349600CD251482F8003A1367 /* Items */ = {
			isa = PBXGroup;
			children = (
				34BC64C925145757003DD298 /* CourseRow.swift */,
				349600C825148192003A1367 /* CourseItem.swift */,
			);
			path = Items;
			sourceTree = "<group>";
		};
		34BC64AD25144BBF003DD298 = {
			isa = PBXGroup;
			children = (
				34BC64B825144BBF003DD298 /* DesignCodeCourse */,
				34BC64B725144BBF003DD298 /* Products */,
			);
			sourceTree = "<group>";
		};
		34BC64B725144BBF003DD298 /* Products */ = {
			isa = PBXGroup;
			children = (
				34BC64B625144BBF003DD298 /* DesignCodeCourse.app */,
			);
			name = Products;
			sourceTree = "<group>";
		};
		34BC64B825144BBF003DD298 /* DesignCodeCourse */ = {
			isa = PBXGroup;
			children = (
				34BC64B925144BBF003DD298 /* DesignCodeCourseApp.swift */,
				349600CB251482D0003A1367 /* Navigation */,
				346DA744251884E1002BCD18 /* Model */,
				349600CD251482F8003A1367 /* Items */,
				34BC64CC25145981003DD298 /* CourseView.swift */,
				34CCE32F2519A0AA000CF97D /* CloseButton.swift */,
				349600CF2514845D003A1367 /* CourseList.swift */,
				34BC64BD25144BC0003DD298 /* Assets.xcassets */,
				34BC64C225144BC0003DD298 /* Info.plist */,
				34BC64BF25144BC0003DD298 /* Preview Content */,
			);
			path = DesignCodeCourse;
			sourceTree = "<group>";
		};
		34BC64BF25144BC0003DD298 /* Preview Content */ = {
			isa = PBXGroup;
			children = (
				34BC64C025144BC0003DD298 /* Preview Assets.xcassets */,
			);
			path = "Preview Content";
			sourceTree = "<group>";
		};
/* End PBXGroup section */

/* Begin PBXNativeTarget section */
		34BC64B525144BBF003DD298 /* DesignCodeCourse */ = {
			isa = PBXNativeTarget;
			buildConfigurationList = 34BC64C525144BC0003DD298 /* Build configuration list for PBXNativeTarget "DesignCodeCourse" */;
			buildPhases = (
				34BC64B225144BBF003DD298 /* Sources */,
				34BC64B325144BBF003DD298 /* Frameworks */,
				34BC64B425144BBF003DD298 /* Resources */,
			);
			buildRules = (
			);
			dependencies = (
			);
			name = DesignCodeCourse;
			productName = DesignCodeCourse;
			productReference = 34BC64B625144BBF003DD298 /* DesignCodeCourse.app */;
			productType = "com.apple.product-type.application";
		};
/* End PBXNativeTarget section */

/* Begin PBXProject section */
		34BC64AE25144BBF003DD298 /* Project object */ = {
			isa = PBXProject;
			attributes = {
				LastSwiftUpdateCheck = 1200;
				LastUpgradeCheck = 1200;
				TargetAttributes = {
					34BC64B525144BBF003DD298 = {
						CreatedOnToolsVersion = 12.0;
					};
				};
			};
			buildConfigurationList = 34BC64B125144BBF003DD298 /* Build configuration list for PBXProject "DesignCodeCourse" */;
			compatibilityVersion = "Xcode 9.3";
			developmentRegion = en;
			hasScannedForEncodings = 0;
			knownRegions = (
				en,
				Base,
			);
			mainGroup = 34BC64AD25144BBF003DD298;
			productRefGroup = 34BC64B725144BBF003DD298 /* Products */;
			projectDirPath = "";
			projectRoot = "";
			targets = (
				34BC64B525144BBF003DD298 /* DesignCodeCourse */,
			);
		};
/* End PBXProject section */

/* Begin PBXResourcesBuildPhase section */
		34BC64B425144BBF003DD298 /* Resources */ = {
			isa = PBXResourcesBuildPhase;
			buildActionMask = 2147483647;
			files = (
				34BC64C125144BC0003DD298 /* Preview Assets.xcassets in Resources */,
				34BC64BE25144BC0003DD298 /* Assets.xcassets in Resources */,
			);
			runOnlyForDeploymentPostprocessing = 0;
		};
/* End PBXResourcesBuildPhase section */

/* Begin PBXSourcesBuildPhase section */
		34BC64B225144BBF003DD298 /* Sources */ = {
			isa = PBXSourcesBuildPhase;
			buildActionMask = 2147483647;
			files = (
				347E9A16251879EA006F6948 /* Course.swift in Sources */,
				34BC64D025145AF4003DD298 /* Sidebar.swift in Sources */,
				349600C925148192003A1367 /* CourseItem.swift in Sources */,
				34CCE3302519A0AA000CF97D /* CloseButton.swift in Sources */,
				34BC64BC25144BBF003DD298 /* ContentView.swift in Sources */,
				34BC64CA25145757003DD298 /* CourseRow.swift in Sources */,
				34BC64BA25144BBF003DD298 /* DesignCodeCourseApp.swift in Sources */,
				34BC64CD25145981003DD298 /* CourseView.swift in Sources */,
				349600D02514845D003A1367 /* CourseList.swift in Sources */,
			);
			runOnlyForDeploymentPostprocessing = 0;
		};
/* End PBXSourcesBuildPhase section */

/* Begin XCBuildConfiguration section */
		34BC64C325144BC0003DD298 /* Debug */ = {
			isa = XCBuildConfiguration;
			buildSettings = {
				ALWAYS_SEARCH_USER_PATHS = NO;
				CLANG_ANALYZER_NONNULL = YES;
				CLANG_ANALYZER_NUMBER_OBJECT_CONVERSION = YES_AGGRESSIVE;
				CLANG_CXX_LANGUAGE_STANDARD = "gnu++14";
				CLANG_CXX_LIBRARY = "libc++";
				CLANG_ENABLE_MODULES = YES;
				CLANG_ENABLE_OBJC_ARC = YES;
				CLANG_ENABLE_OBJC_WEAK = YES;
				CLANG_WARN_BLOCK_CAPTURE_AUTORELEASING = YES;
				CLANG_WARN_BOOL_CONVERSION = YES;
				CLANG_WARN_COMMA = YES;
				CLANG_WARN_CONSTANT_CONVERSION = YES;
				CLANG_WARN_DEPRECATED_OBJC_IMPLEMENTATIONS = YES;
				CLANG_WARN_DIRECT_OBJC_ISA_USAGE = YES_ERROR;
				CLANG_WARN_DOCUMENTATION_COMMENTS = YES;
				CLANG_WARN_EMPTY_BODY = YES;
				CLANG_WARN_ENUM_CONVERSION = YES;
				CLANG_WARN_INFINITE_RECURSION = YES;
				CLANG_WARN_INT_CONVERSION = YES;
				CLANG_WARN_NON_LITERAL_NULL_CONVERSION = YES;
				CLANG_WARN_OBJC_IMPLICIT_RETAIN_SELF = YES;
				CLANG_WARN_OBJC_LITERAL_CONVERSION = YES;
				CLANG_WARN_OBJC_ROOT_CLASS = YES_ERROR;
				CLANG_WARN_QUOTED_INCLUDE_IN_FRAMEWORK_HEADER = YES;
				CLANG_WARN_RANGE_LOOP_ANALYSIS = YES;
				CLANG_WARN_STRICT_PROTOTYPES = YES;
				CLANG_WARN_SUSPICIOUS_MOVE = YES;
				CLANG_WARN_UNGUARDED_AVAILABILITY = YES_AGGRESSIVE;
				CLANG_WARN_UNREACHABLE_CODE = YES;
				CLANG_WARN__DUPLICATE_METHOD_MATCH = YES;
				COPY_PHASE_STRIP = NO;
				DEBUG_INFORMATION_FORMAT = dwarf;
				ENABLE_STRICT_OBJC_MSGSEND = YES;
				ENABLE_TESTABILITY = YES;
				GCC_C_LANGUAGE_STANDARD = gnu11;
				GCC_DYNAMIC_NO_PIC = NO;
				GCC_NO_COMMON_BLOCKS = YES;
				GCC_OPTIMIZATION_LEVEL = 0;
				GCC_PREPROCESSOR_DEFINITIONS = (
					"DEBUG=1",
					"$(inherited)",
				);
				GCC_WARN_64_TO_32_BIT_CONVERSION = YES;
				GCC_WARN_ABOUT_RETURN_TYPE = YES_ERROR;
				GCC_WARN_UNDECLARED_SELECTOR = YES;
				GCC_WARN_UNINITIALIZED_AUTOS = YES_AGGRESSIVE;
				GCC_WARN_UNUSED_FUNCTION = YES;
				GCC_WARN_UNUSED_VARIABLE = YES;
				IPHONEOS_DEPLOYMENT_TARGET = 14.0;
				MTL_ENABLE_DEBUG_INFO = INCLUDE_SOURCE;
				MTL_FAST_MATH = YES;
				ONLY_ACTIVE_ARCH = YES;
				SDKROOT = iphoneos;
				SWIFT_ACTIVE_COMPILATION_CONDITIONS = DEBUG;
				SWIFT_OPTIMIZATION_LEVEL = "-Onone";
			};
			name = Debug;
		};
		34BC64C425144BC0003DD298 /* Release */ = {
			isa = XCBuildConfiguration;
			buildSettings = {
				ALWAYS_SEARCH_USER_PATHS = NO;
				CLANG_ANALYZER_NONNULL = YES;
				CLANG_ANALYZER_NUMBER_OBJECT_CONVERSION = YES_AGGRESSIVE;
				CLANG_CXX_LANGUAGE_STANDARD = "gnu++14";
				CLANG_CXX_LIBRARY = "libc++";
				CLANG_ENABLE_MODULES = YES;
				CLANG_ENABLE_OBJC_ARC = YES;
				CLANG_ENABLE_OBJC_WEAK = YES;
				CLANG_WARN_BLOCK_CAPTURE_AUTORELEASING = YES;
				CLANG_WARN_BOOL_CONVERSION = YES;
				CLANG_WARN_COMMA = YES;
				CLANG_WARN_CONSTANT_CONVERSION = YES;
				CLANG_WARN_DEPRECATED_OBJC_IMPLEMENTATIONS = YES;
				CLANG_WARN_DIRECT_OBJC_ISA_USAGE = YES_ERROR;
				CLANG_WARN_DOCUMENTATION_COMMENTS = YES;
				CLANG_WARN_EMPTY_BODY = YES;
				CLANG_WARN_ENUM_CONVERSION = YES;
				CLANG_WARN_INFINITE_RECURSION = YES;
				CLANG_WARN_INT_CONVERSION = YES;
				CLANG_WARN_NON_LITERAL_NULL_CONVERSION = YES;
				CLANG_WARN_OBJC_IMPLICIT_RETAIN_SELF = YES;
				CLANG_WARN_OBJC_LITERAL_CONVERSION = YES;
				CLANG_WARN_OBJC_ROOT_CLASS = YES_ERROR;
				CLANG_WARN_QUOTED_INCLUDE_IN_FRAMEWORK_HEADER = YES;
				CLANG_WARN_RANGE_LOOP_ANALYSIS = YES;
				CLANG_WARN_STRICT_PROTOTYPES = YES;
				CLANG_WARN_SUSPICIOUS_MOVE = YES;
				CLANG_WARN_UNGUARDED_AVAILABILITY = YES_AGGRESSIVE;
				CLANG_WARN_UNREACHABLE_CODE = YES;
				CLANG_WARN__DUPLICATE_METHOD_MATCH = YES;
				COPY_PHASE_STRIP = NO;
				DEBUG_INFORMATION_FORMAT = "dwarf-with-dsym";
				ENABLE_NS_ASSERTIONS = NO;
				ENABLE_STRICT_OBJC_MSGSEND = YES;
				GCC_C_LANGUAGE_STANDARD = gnu11;
				GCC_NO_COMMON_BLOCKS = YES;
				GCC_WARN_64_TO_32_BIT_CONVERSION = YES;
				GCC_WARN_ABOUT_RETURN_TYPE = YES_ERROR;
				GCC_WARN_UNDECLARED_SELECTOR = YES;
				GCC_WARN_UNINITIALIZED_AUTOS = YES_AGGRESSIVE;
				GCC_WARN_UNUSED_FUNCTION = YES;
				GCC_WARN_UNUSED_VARIABLE = YES;
				IPHONEOS_DEPLOYMENT_TARGET = 14.0;
				MTL_ENABLE_DEBUG_INFO = NO;
				MTL_FAST_MATH = YES;
				SDKROOT = iphoneos;
				SWIFT_COMPILATION_MODE = wholemodule;
				SWIFT_OPTIMIZATION_LEVEL = "-O";
				VALIDATE_PRODUCT = YES;
			};
			name = Release;
		};
		34BC64C625144BC0003DD298 /* Debug */ = {
			isa = XCBuildConfiguration;
			buildSettings = {
				ASSETCATALOG_COMPILER_APPICON_NAME = AppIcon;
				ASSETCATALOG_COMPILER_GLOBAL_ACCENT_COLOR_NAME = AccentColor;
				CODE_SIGN_STYLE = Automatic;
				DEVELOPMENT_ASSET_PATHS = "\"DesignCodeCourse/Preview Content\"";
				ENABLE_PREVIEWS = YES;
				INFOPLIST_FILE = DesignCodeCourse/Info.plist;
				IPHONEOS_DEPLOYMENT_TARGET = 14.0;
				LD_RUNPATH_SEARCH_PATHS = (
					"$(inherited)",
					"@executable_path/Frameworks",
				);
				PRODUCT_BUNDLE_IDENTIFIER = com.shenxiaochun.DesignCodeCourse;
				PRODUCT_NAME = "$(TARGET_NAME)";
				SWIFT_VERSION = 5.0;
				TARGETED_DEVICE_FAMILY = "1,2";
			};
			name = Debug;
		};
		34BC64C725144BC0003DD298 /* Release */ = {
			isa = XCBuildConfiguration;
			buildSettings = {
				ASSETCATALOG_COMPILER_APPICON_NAME = AppIcon;
				ASSETCATALOG_COMPILER_GLOBAL_ACCENT_COLOR_NAME = AccentColor;
				CODE_SIGN_STYLE = Automatic;
				DEVELOPMENT_ASSET_PATHS = "\"DesignCodeCourse/Preview Content\"";
				ENABLE_PREVIEWS = YES;
				INFOPLIST_FILE = DesignCodeCourse/Info.plist;
				IPHONEOS_DEPLOYMENT_TARGET = 14.0;
				LD_RUNPATH_SEARCH_PATHS = (
					"$(inherited)",
					"@executable_path/Frameworks",
				);
				PRODUCT_BUNDLE_IDENTIFIER = com.shenxiaochun.DesignCodeCourse;
				PRODUCT_NAME = "$(TARGET_NAME)";
				SWIFT_VERSION = 5.0;
				TARGETED_DEVICE_FAMILY = "1,2";
			};
			name = Release;
		};
/* End XCBuildConfiguration section */

/* Begin XCConfigurationList section */
		34BC64B125144BBF003DD298 /* Build configuration list for PBXProject "DesignCodeCourse" */ = {
			isa = XCConfigurationList;
			buildConfigurations = (
				34BC64C325144BC0003DD298 /* Debug */,
				34BC64C425144BC0003DD298 /* Release */,
			);
			defaultConfigurationIsVisible = 0;
			defaultConfigurationName = Release;
		};
		34BC64C525144BC0003DD298 /* Build configuration list for PBXNativeTarget "DesignCodeCourse" */ = {
			isa = XCConfigurationList;
			buildConfigurations = (
				34BC64C625144BC0003DD298 /* Debug */,
				34BC64C725144BC0003DD298 /* Release */,
			);
			defaultConfigurationIsVisible = 0;
			defaultConfigurationName = Release;
		};
/* End XCConfigurationList section */
	};
	rootObject = 34BC64AE25144BBF003DD298 /* Project object */;
}
